
Microsoft Visual Studio Solution File, Format Version 12.00
# Visual Studio Version 17
VisualStudioVersion = 17.8.34511.84
MinimumVisualStudioVersion = 10.0.40219.1
Project("{8BC9CEB8-8B4A-11D0-8D11-00A0C91BC942}") = "Intro Project", "Intro Project\Intro Project.vcxproj", "{E6962E06-D24C-45F1-8909-B8A80B5CA53F}"
EndProject
Global
	GlobalSection(SolutionConfigurationPlatforms) = preSolution
		Debug|x64 = Debug|x64
		Debug|x86 = Debug|x86
		Release|x64 = Release|x64
		Release|x86 = Release|x86
	EndGlobalSection
	GlobalSection(ProjectConfigurationPlatforms) = postSolution
		{E6962E06-D24C-45F1-8909-B8A80B5CA53F}.Debug|x64.ActiveCfg = Debug|x64
		{E6962E06-D24C-45F1-8909-B8A80B5CA53F}.Debug|x64.Build.0 = Debug|x64
		{E6962E06-D24C-45F1-8909-B8A80B5CA53F}.Debug|x86.ActiveCfg = Debug|Win32
		{E6962E06-D24C-45F1-8909-B8A80B5CA53F}.Debug|x86.Build.0 = Debug|Win32
		{E6962E06-D24C-45F1-8909-B8A80B5CA53F}.Release|x64.ActiveCfg = Release|x64
		{E6962E06-D24C-45F1-8909-B8A80B5CA53F}.Release|x64.Build.0 = Release|x64
		{E6962E06-D24C-45F1-8909-B8A80B5CA53F}.Release|x86.ActiveCfg = Release|Win32
		{E6962E06-D24C-45F1-8909-B8A80B5CA53F}.Release|x86.Build.0 = Release|Win32
	EndGlobalSection
	GlobalSection(SolutionProperties) = preSolution
		HideSolutionNode = FALSE
	EndGlobalSection
	GlobalSection(ExtensibilityGlobals) = postSolution
		SolutionGuid = {237DDEC3-70E1-4BBB-BD69-093A3F09733E}
	EndGlobalSection
EndGlobal
